
Microsoft Visual Studio Solution File, Format Version 12.00
# Visual Studio Version 17
VisualStudioVersion = 17.11.35327.3
MinimumVisualStudioVersion = 10.0.40219.1
Project("{FAE04EC0-301F-11D3-BF4B-00C04F79EFBC}") = "PersonalProjectCre8tfolio", "PersonalProjectCre8tfolio.csproj", "{D8F490B1-36B3-4F1E-8D66-606BC3A6076B}"
EndProject
Global
	GlobalSection(SolutionConfigurationPlatforms) = preSolution
		Debug|Any CPU = Debug|Any CPU
		Release|Any CPU = Release|Any CPU
	EndGlobalSection
	GlobalSection(ProjectConfigurationPlatforms) = postSolution
		{D8F490B1-36B3-4F1E-8D66-606BC3A6076B}.Debug|Any CPU.ActiveCfg = Debug|Any CPU
		{D8F490B1-36B3-4F1E-8D66-606BC3A6076B}.Debug|Any CPU.Build.0 = Debug|Any CPU
		{D8F490B1-36B3-4F1E-8D66-606BC3A6076B}.Release|Any CPU.ActiveCfg = Release|Any CPU
		{D8F490B1-36B3-4F1E-8D66-606BC3A6076B}.Release|Any CPU.Build.0 = Release|Any CPU
	EndGlobalSection
	GlobalSection(SolutionProperties) = preSolution
		HideSolutionNode = FALSE
	EndGlobalSection
	GlobalSection(ExtensibilityGlobals) = postSolution
		SolutionGuid = {04C3EF98-160F-45BB-9F0D-4FB4D651A225}
	EndGlobalSection
EndGlobal
