
Microsoft Visual Studio Solution File, Format Version 12.00
# Visual Studio Version 17
VisualStudioVersion = 17.11.35327.3
MinimumVisualStudioVersion = 10.0.40219.1
Project("{9A19103F-16F7-4668-BE54-9A1E7A4F7556}") = "Cre8tfolioPL", "Cre8tfolioPL.csproj", "{D8F490B1-36B3-4F1E-8D66-606BC3A6076B}"
	ProjectSection(ProjectDependencies) = postProject
		{B1627541-1E88-4693-BC42-C95B28411D71} = {B1627541-1E88-4693-BC42-C95B28411D71}
	EndProjectSection
EndProject
Project("{9A19103F-16F7-4668-BE54-9A1E7A4F7556}") = "Cre8tfolioDAL", "..\Cre8tfolioDAL\Cre8tfolioDAL.csproj", "{B1627541-1E88-4693-BC42-C95B28411D71}"
	ProjectSection(ProjectDependencies) = postProject
		{DD9589C3-6EC3-4B6E-8992-D7F12EDF7125} = {DD9589C3-6EC3-4B6E-8992-D7F12EDF7125}
	EndProjectSection
EndProject
Project("{9A19103F-16F7-4668-BE54-9A1E7A4F7556}") = "Cre8tfolioBLL", "..\Cre8tfolioBLL\Cre8tfolioBLL.csproj", "{DD9589C3-6EC3-4B6E-8992-D7F12EDF7125}"
EndProject
Global
	GlobalSection(SolutionConfigurationPlatforms) = preSolution
		Debug|Any CPU = Debug|Any CPU
		Release|Any CPU = Release|Any CPU
	EndGlobalSection
	GlobalSection(ProjectConfigurationPlatforms) = postSolution
		{D8F490B1-36B3-4F1E-8D66-606BC3A6076B}.Debug|Any CPU.ActiveCfg = Debug|Any CPU
		{D8F490B1-36B3-4F1E-8D66-606BC3A6076B}.Debug|Any CPU.Build.0 = Debug|Any CPU
		{D8F490B1-36B3-4F1E-8D66-606BC3A6076B}.Release|Any CPU.ActiveCfg = Release|Any CPU
		{D8F490B1-36B3-4F1E-8D66-606BC3A6076B}.Release|Any CPU.Build.0 = Release|Any CPU
		{B1627541-1E88-4693-BC42-C95B28411D71}.Debug|Any CPU.ActiveCfg = Debug|Any CPU
		{B1627541-1E88-4693-BC42-C95B28411D71}.Debug|Any CPU.Build.0 = Debug|Any CPU
		{B1627541-1E88-4693-BC42-C95B28411D71}.Release|Any CPU.ActiveCfg = Release|Any CPU
		{B1627541-1E88-4693-BC42-C95B28411D71}.Release|Any CPU.Build.0 = Release|Any CPU
		{DD9589C3-6EC3-4B6E-8992-D7F12EDF7125}.Debug|Any CPU.ActiveCfg = Debug|Any CPU
		{DD9589C3-6EC3-4B6E-8992-D7F12EDF7125}.Debug|Any CPU.Build.0 = Debug|Any CPU
		{DD9589C3-6EC3-4B6E-8992-D7F12EDF7125}.Release|Any CPU.ActiveCfg = Release|Any CPU
		{DD9589C3-6EC3-4B6E-8992-D7F12EDF7125}.Release|Any CPU.Build.0 = Release|Any CPU
	EndGlobalSection
	GlobalSection(SolutionProperties) = preSolution
		HideSolutionNode = FALSE
	EndGlobalSection
	GlobalSection(ExtensibilityGlobals) = postSolution
		SolutionGuid = {04C3EF98-160F-45BB-9F0D-4FB4D651A225}
	EndGlobalSection
EndGlobal
